
Microsoft Visual Studio Solution File, Format Version 12.00
# Visual Studio Version 16
VisualStudioVersion = 16.0.31729.503
MinimumVisualStudioVersion = 10.0.40219.1
Project("{FAE04EC0-301F-11D3-BF4B-00C04F79EFBC}") = "HomeWork3.10.3", "HomeWork3.10.3\HomeWork3.10.3.csproj", "{C6D47B75-8124-4357-A651-0422774C6343}"
EndProject
Global
	GlobalSection(SolutionConfigurationPlatforms) = preSolution
		Debug|Any CPU = Debug|Any CPU
		Release|Any CPU = Release|Any CPU
	EndGlobalSection
	GlobalSection(ProjectConfigurationPlatforms) = postSolution
		{C6D47B75-8124-4357-A651-0422774C6343}.Debug|Any CPU.ActiveCfg = Debug|Any CPU
		{C6D47B75-8124-4357-A651-0422774C6343}.Debug|Any CPU.Build.0 = Debug|Any CPU
		{C6D47B75-8124-4357-A651-0422774C6343}.Release|Any CPU.ActiveCfg = Release|Any CPU
		{C6D47B75-8124-4357-A651-0422774C6343}.Release|Any CPU.Build.0 = Release|Any CPU
	EndGlobalSection
	GlobalSection(SolutionProperties) = preSolution
		HideSolutionNode = FALSE
	EndGlobalSection
	GlobalSection(ExtensibilityGlobals) = postSolution
		SolutionGuid = {0D360772-65DC-4A31-BE7E-5F60EE71C6D4}
	EndGlobalSection
EndGlobal
